{
  "name": "@sinedustries/tachyon-ecs-lib-base",
  "version": "1.0.0-alpha.7",
  "lockfileVersion": 1,
  "requires": true,
  "dependencies": {
    "@sinedustries/tachyon-ecs": {
      "version": "1.0.0-alpha.9",
      "resolved": "https://registry.npmjs.org/@sinedustries/tachyon-ecs/-/tachyon-ecs-1.0.0-alpha.9.tgz",
      "integrity": "sha512-qxIaelO6NOfmm+ABV92KyWByzI9h12mVkTGtmVeFzl3l11SFCPvIdyJClBxpPHkUmhLx1Omffw09fPWF44ipxg=="
    },
    "@types/node": {
      "version": "11.13.6",
      "resolved": "https://registry.npmjs.org/@types/node/-/node-11.13.6.tgz",
      "integrity": "sha512-Xoo/EBzEe8HxTSwaZNLZjaW6M6tA/+GmD3/DZ6uo8qSaolE/9Oarko0oV1fVfrLqOz0tx0nXJB4rdD5c+vixLw=="
    }
  }
}
